
Microsoft Visual Studio Solution File, Format Version 12.00
# Visual Studio 14
VisualStudioVersion = 14.0.23107.0
MinimumVisualStudioVersion = 10.0.40219.1
Project("{8BC9CEB8-8B4A-11D0-8D11-00A0C91BC942}") = "RFCOMMServer", "RFCOMMServer\RFCOMMServer.vcxproj", "{C5403AA6-34A6-4B5C-817D-FBCBC6397E75}"
EndProject
Project("{FAE04EC0-301F-11D3-BF4B-00C04F79EFBC}") = "RFCOMMClient", "RFCOMMClient\RFCOMMClient.csproj", "{92ACBF91-0DED-4042-B14F-39E5AEB89E28}"
EndProject
Project("{FAE04EC0-301F-11D3-BF4B-00C04F79EFBC}") = "UWPClient", "UWPClient\UWPClient.csproj", "{D1300116-F409-4641-8F80-B48C1C4D3F4A}"
EndProject
Global
	GlobalSection(SolutionConfigurationPlatforms) = preSolution
		Debug|Any CPU = Debug|Any CPU
		Debug|ARM = Debug|ARM
		Debug|x64 = Debug|x64
		Debug|x86 = Debug|x86
		Release|Any CPU = Release|Any CPU
		Release|ARM = Release|ARM
		Release|x64 = Release|x64
		Release|x86 = Release|x86
	EndGlobalSection
	GlobalSection(ProjectConfigurationPlatforms) = postSolution
		{C5403AA6-34A6-4B5C-817D-FBCBC6397E75}.Debug|Any CPU.ActiveCfg = Debug|Win32
		{C5403AA6-34A6-4B5C-817D-FBCBC6397E75}.Debug|ARM.ActiveCfg = Debug|Win32
		{C5403AA6-34A6-4B5C-817D-FBCBC6397E75}.Debug|x64.ActiveCfg = Debug|x64
		{C5403AA6-34A6-4B5C-817D-FBCBC6397E75}.Debug|x64.Build.0 = Debug|x64
		{C5403AA6-34A6-4B5C-817D-FBCBC6397E75}.Debug|x86.ActiveCfg = Debug|Win32
		{C5403AA6-34A6-4B5C-817D-FBCBC6397E75}.Debug|x86.Build.0 = Debug|Win32
		{C5403AA6-34A6-4B5C-817D-FBCBC6397E75}.Release|Any CPU.ActiveCfg = Release|Win32
		{C5403AA6-34A6-4B5C-817D-FBCBC6397E75}.Release|ARM.ActiveCfg = Release|Win32
		{C5403AA6-34A6-4B5C-817D-FBCBC6397E75}.Release|x64.ActiveCfg = Release|x64
		{C5403AA6-34A6-4B5C-817D-FBCBC6397E75}.Release|x64.Build.0 = Release|x64
		{C5403AA6-34A6-4B5C-817D-FBCBC6397E75}.Release|x86.ActiveCfg = Release|Win32
		{C5403AA6-34A6-4B5C-817D-FBCBC6397E75}.Release|x86.Build.0 = Release|Win32
		{92ACBF91-0DED-4042-B14F-39E5AEB89E28}.Debug|Any CPU.ActiveCfg = Debug|Any CPU
		{92ACBF91-0DED-4042-B14F-39E5AEB89E28}.Debug|Any CPU.Build.0 = Debug|Any CPU
		{92ACBF91-0DED-4042-B14F-39E5AEB89E28}.Debug|Any CPU.Deploy.0 = Debug|Any CPU
		{92ACBF91-0DED-4042-B14F-39E5AEB89E28}.Debug|ARM.ActiveCfg = Debug|ARM
		{92ACBF91-0DED-4042-B14F-39E5AEB89E28}.Debug|ARM.Build.0 = Debug|ARM
		{92ACBF91-0DED-4042-B14F-39E5AEB89E28}.Debug|ARM.Deploy.0 = Debug|ARM
		{92ACBF91-0DED-4042-B14F-39E5AEB89E28}.Debug|x64.ActiveCfg = Debug|Any CPU
		{92ACBF91-0DED-4042-B14F-39E5AEB89E28}.Debug|x64.Build.0 = Debug|Any CPU
		{92ACBF91-0DED-4042-B14F-39E5AEB89E28}.Debug|x64.Deploy.0 = Debug|Any CPU
		{92ACBF91-0DED-4042-B14F-39E5AEB89E28}.Debug|x86.ActiveCfg = Debug|x86
		{92ACBF91-0DED-4042-B14F-39E5AEB89E28}.Debug|x86.Build.0 = Debug|x86
		{92ACBF91-0DED-4042-B14F-39E5AEB89E28}.Debug|x86.Deploy.0 = Debug|x86
		{92ACBF91-0DED-4042-B14F-39E5AEB89E28}.Release|Any CPU.ActiveCfg = Release|Any CPU
		{92ACBF91-0DED-4042-B14F-39E5AEB89E28}.Release|Any CPU.Build.0 = Release|Any CPU
		{92ACBF91-0DED-4042-B14F-39E5AEB89E28}.Release|Any CPU.Deploy.0 = Release|Any CPU
		{92ACBF91-0DED-4042-B14F-39E5AEB89E28}.Release|ARM.ActiveCfg = Release|ARM
		{92ACBF91-0DED-4042-B14F-39E5AEB89E28}.Release|ARM.Build.0 = Release|ARM
		{92ACBF91-0DED-4042-B14F-39E5AEB89E28}.Release|ARM.Deploy.0 = Release|ARM
		{92ACBF91-0DED-4042-B14F-39E5AEB89E28}.Release|x64.ActiveCfg = Release|Any CPU
		{92ACBF91-0DED-4042-B14F-39E5AEB89E28}.Release|x64.Build.0 = Release|Any CPU
		{92ACBF91-0DED-4042-B14F-39E5AEB89E28}.Release|x64.Deploy.0 = Release|Any CPU
		{92ACBF91-0DED-4042-B14F-39E5AEB89E28}.Release|x86.ActiveCfg = Release|x86
		{92ACBF91-0DED-4042-B14F-39E5AEB89E28}.Release|x86.Build.0 = Release|x86
		{92ACBF91-0DED-4042-B14F-39E5AEB89E28}.Release|x86.Deploy.0 = Release|x86
		{D1300116-F409-4641-8F80-B48C1C4D3F4A}.Debug|Any CPU.ActiveCfg = Debug|x86
		{D1300116-F409-4641-8F80-B48C1C4D3F4A}.Debug|ARM.ActiveCfg = Debug|ARM
		{D1300116-F409-4641-8F80-B48C1C4D3F4A}.Debug|ARM.Build.0 = Debug|ARM
		{D1300116-F409-4641-8F80-B48C1C4D3F4A}.Debug|ARM.Deploy.0 = Debug|ARM
		{D1300116-F409-4641-8F80-B48C1C4D3F4A}.Debug|x64.ActiveCfg = Debug|x64
		{D1300116-F409-4641-8F80-B48C1C4D3F4A}.Debug|x64.Build.0 = Debug|x64
		{D1300116-F409-4641-8F80-B48C1C4D3F4A}.Debug|x64.Deploy.0 = Debug|x64
		{D1300116-F409-4641-8F80-B48C1C4D3F4A}.Debug|x86.ActiveCfg = Debug|x86
		{D1300116-F409-4641-8F80-B48C1C4D3F4A}.Debug|x86.Build.0 = Debug|x86
		{D1300116-F409-4641-8F80-B48C1C4D3F4A}.Debug|x86.Deploy.0 = Debug|x86
		{D1300116-F409-4641-8F80-B48C1C4D3F4A}.Release|Any CPU.ActiveCfg = Release|x86
		{D1300116-F409-4641-8F80-B48C1C4D3F4A}.Release|ARM.ActiveCfg = Release|ARM
		{D1300116-F409-4641-8F80-B48C1C4D3F4A}.Release|ARM.Build.0 = Release|ARM
		{D1300116-F409-4641-8F80-B48C1C4D3F4A}.Release|ARM.Deploy.0 = Release|ARM
		{D1300116-F409-4641-8F80-B48C1C4D3F4A}.Release|x64.ActiveCfg = Release|x64
		{D1300116-F409-4641-8F80-B48C1C4D3F4A}.Release|x64.Build.0 = Release|x64
		{D1300116-F409-4641-8F80-B48C1C4D3F4A}.Release|x64.Deploy.0 = Release|x64
		{D1300116-F409-4641-8F80-B48C1C4D3F4A}.Release|x86.ActiveCfg = Release|x86
		{D1300116-F409-4641-8F80-B48C1C4D3F4A}.Release|x86.Build.0 = Release|x86
		{D1300116-F409-4641-8F80-B48C1C4D3F4A}.Release|x86.Deploy.0 = Release|x86
	EndGlobalSection
	GlobalSection(SolutionProperties) = preSolution
		HideSolutionNode = FALSE
	EndGlobalSection
EndGlobal
